
Microsoft Visual Studio Solution File, Format Version 12.00
# Visual Studio 15
VisualStudioVersion = 15.0.27428.2015
MinimumVisualStudioVersion = 10.0.40219.1
Project("{8BC9CEB8-8B4A-11D0-8D11-00A0C91BC942}") = "invert", "invert\invert.vcxproj", "{592E5075-A7B4-483F-AAB2-F670486B241D}"
EndProject
Global
	GlobalSection(SolutionConfigurationPlatforms) = preSolution
		Debug|x64 = Debug|x64
		Debug|x86 = Debug|x86
		Release|x64 = Release|x64
		Release|x86 = Release|x86
	EndGlobalSection
	GlobalSection(ProjectConfigurationPlatforms) = postSolution
		{592E5075-A7B4-483F-AAB2-F670486B241D}.Debug|x64.ActiveCfg = Debug|x64
		{592E5075-A7B4-483F-AAB2-F670486B241D}.Debug|x64.Build.0 = Debug|x64
		{592E5075-A7B4-483F-AAB2-F670486B241D}.Debug|x86.ActiveCfg = Debug|Win32
		{592E5075-A7B4-483F-AAB2-F670486B241D}.Debug|x86.Build.0 = Debug|Win32
		{592E5075-A7B4-483F-AAB2-F670486B241D}.Release|x64.ActiveCfg = Release|x64
		{592E5075-A7B4-483F-AAB2-F670486B241D}.Release|x64.Build.0 = Release|x64
		{592E5075-A7B4-483F-AAB2-F670486B241D}.Release|x86.ActiveCfg = Release|Win32
		{592E5075-A7B4-483F-AAB2-F670486B241D}.Release|x86.Build.0 = Release|Win32
	EndGlobalSection
	GlobalSection(SolutionProperties) = preSolution
		HideSolutionNode = FALSE
	EndGlobalSection
	GlobalSection(ExtensibilityGlobals) = postSolution
		SolutionGuid = {23D302ED-C737-4619-B9F4-E7EE214FCFDA}
	EndGlobalSection
EndGlobal
