
Microsoft Visual Studio Solution File, Format Version 12.00
# Visual Studio 15
VisualStudioVersion = 15.0.27428.2015
MinimumVisualStudioVersion = 10.0.40219.1
Project("{8BC9CEB8-8B4A-11D0-8D11-00A0C91BC942}") = "lab3(classTV)", "lab3(classTV)\lab3(classTV).vcxproj", "{7ABDD385-C959-44DD-BA09-E18F93ADDD1A}"
EndProject
Project("{8BC9CEB8-8B4A-11D0-8D11-00A0C91BC942}") = "lab3(classTV)Tests", "lab3(classTV)Tests\lab3(classTV)Tests.vcxproj", "{DFB830F0-9181-4ECA-BAD2-770CAADA99F3}"
EndProject
Global
	GlobalSection(SolutionConfigurationPlatforms) = preSolution
		Debug|x64 = Debug|x64
		Debug|x86 = Debug|x86
		Release|x64 = Release|x64
		Release|x86 = Release|x86
	EndGlobalSection
	GlobalSection(ProjectConfigurationPlatforms) = postSolution
		{7ABDD385-C959-44DD-BA09-E18F93ADDD1A}.Debug|x64.ActiveCfg = Debug|x64
		{7ABDD385-C959-44DD-BA09-E18F93ADDD1A}.Debug|x64.Build.0 = Debug|x64
		{7ABDD385-C959-44DD-BA09-E18F93ADDD1A}.Debug|x86.ActiveCfg = Debug|Win32
		{7ABDD385-C959-44DD-BA09-E18F93ADDD1A}.Debug|x86.Build.0 = Debug|Win32
		{7ABDD385-C959-44DD-BA09-E18F93ADDD1A}.Release|x64.ActiveCfg = Release|x64
		{7ABDD385-C959-44DD-BA09-E18F93ADDD1A}.Release|x64.Build.0 = Release|x64
		{7ABDD385-C959-44DD-BA09-E18F93ADDD1A}.Release|x86.ActiveCfg = Release|Win32
		{7ABDD385-C959-44DD-BA09-E18F93ADDD1A}.Release|x86.Build.0 = Release|Win32
		{DFB830F0-9181-4ECA-BAD2-770CAADA99F3}.Debug|x64.ActiveCfg = Debug|x64
		{DFB830F0-9181-4ECA-BAD2-770CAADA99F3}.Debug|x64.Build.0 = Debug|x64
		{DFB830F0-9181-4ECA-BAD2-770CAADA99F3}.Debug|x86.ActiveCfg = Debug|Win32
		{DFB830F0-9181-4ECA-BAD2-770CAADA99F3}.Debug|x86.Build.0 = Debug|Win32
		{DFB830F0-9181-4ECA-BAD2-770CAADA99F3}.Release|x64.ActiveCfg = Release|x64
		{DFB830F0-9181-4ECA-BAD2-770CAADA99F3}.Release|x64.Build.0 = Release|x64
		{DFB830F0-9181-4ECA-BAD2-770CAADA99F3}.Release|x86.ActiveCfg = Release|Win32
		{DFB830F0-9181-4ECA-BAD2-770CAADA99F3}.Release|x86.Build.0 = Release|Win32
	EndGlobalSection
	GlobalSection(SolutionProperties) = preSolution
		HideSolutionNode = FALSE
	EndGlobalSection
	GlobalSection(ExtensibilityGlobals) = postSolution
		SolutionGuid = {18D7E2E5-4694-4749-8C57-BFC6D28CE100}
	EndGlobalSection
EndGlobal
